// !$*UTF8*$!
{
	archiveVersion = 1;
	classes = {
	};
	objectVersion = 50;
	objects = {

/* Begin PBXBuildFile section */
		3B014F60235C057600838648 /* LocalEventMonitor.swift in Sources */ = {isa = PBXBuildFile; fileRef = 3B014F5F235C057600838648 /* LocalEventMonitor.swift */; };
		3B0F8CF821F68B0F001CF701 /* Assets.xcassets in Resources */ = {isa = PBXBuildFile; fileRef = 3B0F8CF721F68B0F001CF701 /* Assets.xcassets */; };
		3B10BAD023490CF50029AED3 /* Quick Paste.xcdatamodeld in Sources */ = {isa = PBXBuildFile; fileRef = 3B10BACE23490CF50029AED3 /* Quick Paste.xcdatamodeld */; };
		3B10BAD223491C7F0029AED3 /* DataController.swift in Sources */ = {isa = PBXBuildFile; fileRef = 3B10BAD123491C7F0029AED3 /* DataController.swift */; };
		3B80A20521D1C2EF003C0156 /* AppDelegate.swift in Sources */ = {isa = PBXBuildFile; fileRef = 3B80A20421D1C2EF003C0156 /* AppDelegate.swift */; };
		3B80A20721D1C2EF003C0156 /* ViewController.swift in Sources */ = {isa = PBXBuildFile; fileRef = 3B80A20621D1C2EF003C0156 /* ViewController.swift */; };
		3B80A20C21D1C2F0003C0156 /* Main.storyboard in Resources */ = {isa = PBXBuildFile; fileRef = 3B80A20A21D1C2F0003C0156 /* Main.storyboard */; };
		3BD1CE48235EB5F700F4E18A /* GlobalEventMonitor.swift in Sources */ = {isa = PBXBuildFile; fileRef = 3BD1CE47235EB5F700F4E18A /* GlobalEventMonitor.swift */; };
/* End PBXBuildFile section */

/* Begin PBXFileReference section */
		3B014F5F235C057600838648 /* LocalEventMonitor.swift */ = {isa = PBXFileReference; lastKnownFileType = sourcecode.swift; path = LocalEventMonitor.swift; sourceTree = "<group>"; };
		3B0F8CF721F68B0F001CF701 /* Assets.xcassets */ = {isa = PBXFileReference; lastKnownFileType = folder.assetcatalog; path = Assets.xcassets; sourceTree = "<group>"; };
		3B10BACF23490CF50029AED3 /* Quick Paste.xcdatamodel */ = {isa = PBXFileReference; lastKnownFileType = wrapper.xcdatamodel; path = "Quick Paste.xcdatamodel"; sourceTree = "<group>"; };
		3B10BAD123491C7F0029AED3 /* DataController.swift */ = {isa = PBXFileReference; lastKnownFileType = sourcecode.swift; path = DataController.swift; sourceTree = "<group>"; };
		3B80A20121D1C2EF003C0156 /* Quick Paste.app */ = {isa = PBXFileReference; explicitFileType = wrapper.application; includeInIndex = 0; path = "Quick Paste.app"; sourceTree = BUILT_PRODUCTS_DIR; };
		3B80A20421D1C2EF003C0156 /* AppDelegate.swift */ = {isa = PBXFileReference; lastKnownFileType = sourcecode.swift; path = AppDelegate.swift; sourceTree = "<group>"; };
		3B80A20621D1C2EF003C0156 /* ViewController.swift */ = {isa = PBXFileReference; lastKnownFileType = sourcecode.swift; path = ViewController.swift; sourceTree = "<group>"; };
		3B80A20B21D1C2F0003C0156 /* Base */ = {isa = PBXFileReference; lastKnownFileType = file.storyboard; name = Base; path = Base.lproj/Main.storyboard; sourceTree = "<group>"; };
		3B80A20D21D1C2F0003C0156 /* Info.plist */ = {isa = PBXFileReference; lastKnownFileType = text.plist.xml; path = Info.plist; sourceTree = "<group>"; };
		3BC3C7E82340522900FE92E8 /* Quick Paste.entitlements */ = {isa = PBXFileReference; lastKnownFileType = text.plist.entitlements; path = "Quick Paste.entitlements"; sourceTree = "<group>"; };
		3BD1CE47235EB5F700F4E18A /* GlobalEventMonitor.swift */ = {isa = PBXFileReference; lastKnownFileType = sourcecode.swift; path = GlobalEventMonitor.swift; sourceTree = "<group>"; };
/* End PBXFileReference section */

/* Begin PBXFrameworksBuildPhase section */
		3B80A1FE21D1C2EF003C0156 /* Frameworks */ = {
			isa = PBXFrameworksBuildPhase;
			buildActionMask = 2147483647;
			files = (
			);
			runOnlyForDeploymentPostprocessing = 0;
		};
/* End PBXFrameworksBuildPhase section */

/* Begin PBXGroup section */
		3B80A1F821D1C2EF003C0156 = {
			isa = PBXGroup;
			children = (
				3B80A20321D1C2EF003C0156 /* Quick Paste */,
				3B80A20221D1C2EF003C0156 /* Products */,
			);
			sourceTree = "<group>";
		};
		3B80A20221D1C2EF003C0156 /* Products */ = {
			isa = PBXGroup;
			children = (
				3B80A20121D1C2EF003C0156 /* Quick Paste.app */,
			);
			name = Products;
			sourceTree = "<group>";
		};
		3B80A20321D1C2EF003C0156 /* Quick Paste */ = {
			isa = PBXGroup;
			children = (
				3B10BACE23490CF50029AED3 /* Quick Paste.xcdatamodeld */,
				3BC3C7E82340522900FE92E8 /* Quick Paste.entitlements */,
				3B0F8CF721F68B0F001CF701 /* Assets.xcassets */,
				3B80A20421D1C2EF003C0156 /* AppDelegate.swift */,
				3B10BAD123491C7F0029AED3 /* DataController.swift */,
				3B80A20621D1C2EF003C0156 /* ViewController.swift */,
				3BD1CE47235EB5F700F4E18A /* GlobalEventMonitor.swift */,
				3B014F5F235C057600838648 /* LocalEventMonitor.swift */,
				3B80A20A21D1C2F0003C0156 /* Main.storyboard */,
				3B80A20D21D1C2F0003C0156 /* Info.plist */,
			);
			path = "Quick Paste";
			sourceTree = "<group>";
		};
/* End PBXGroup section */

/* Begin PBXNativeTarget section */
		3B80A20021D1C2EF003C0156 /* Quick Paste */ = {
			isa = PBXNativeTarget;
			buildConfigurationList = 3B80A21121D1C2F0003C0156 /* Build configuration list for PBXNativeTarget "Quick Paste" */;
			buildPhases = (
				3B80A1FE21D1C2EF003C0156 /* Frameworks */,
				3B80A1FD21D1C2EF003C0156 /* Sources */,
				3B80A1FF21D1C2EF003C0156 /* Resources */,
			);
			buildRules = (
			);
			dependencies = (
			);
			name = "Quick Paste";
			productName = "Link It";
			productReference = 3B80A20121D1C2EF003C0156 /* Quick Paste.app */;
			productType = "com.apple.product-type.application";
		};
/* End PBXNativeTarget section */

/* Begin PBXProject section */
		3B80A1F921D1C2EF003C0156 /* Project object */ = {
			isa = PBXProject;
			attributes = {
				LastSwiftUpdateCheck = 1010;
				LastUpgradeCheck = 1010;
				ORGANIZATIONNAME = "张壹弛";
				TargetAttributes = {
					3B80A20021D1C2EF003C0156 = {
						CreatedOnToolsVersion = 10.1;
						SystemCapabilities = {
							com.apple.Sandbox = {
								enabled = 1;
							};
						};
					};
				};
			};
			buildConfigurationList = 3B80A1FC21D1C2EF003C0156 /* Build configuration list for PBXProject "Quick Paste" */;
			compatibilityVersion = "Xcode 9.3";
			developmentRegion = en;
			hasScannedForEncodings = 0;
			knownRegions = (
				en,
				Base,
			);
			mainGroup = 3B80A1F821D1C2EF003C0156;
			productRefGroup = 3B80A20221D1C2EF003C0156 /* Products */;
			projectDirPath = "";
			projectRoot = "";
			targets = (
				3B80A20021D1C2EF003C0156 /* Quick Paste */,
			);
		};
/* End PBXProject section */

/* Begin PBXResourcesBuildPhase section */
		3B80A1FF21D1C2EF003C0156 /* Resources */ = {
			isa = PBXResourcesBuildPhase;
			buildActionMask = 2147483647;
			files = (
				3B0F8CF821F68B0F001CF701 /* Assets.xcassets in Resources */,
				3B80A20C21D1C2F0003C0156 /* Main.storyboard in Resources */,
			);
			runOnlyForDeploymentPostprocessing = 0;
		};
/* End PBXResourcesBuildPhase section */

/* Begin PBXSourcesBuildPhase section */
		3B80A1FD21D1C2EF003C0156 /* Sources */ = {
			isa = PBXSourcesBuildPhase;
			buildActionMask = 2147483647;
			files = (
				3B10BAD023490CF50029AED3 /* Quick Paste.xcdatamodeld in Sources */,
				3B014F60235C057600838648 /* LocalEventMonitor.swift in Sources */,
				3BD1CE48235EB5F700F4E18A /* GlobalEventMonitor.swift in Sources */,
				3B10BAD223491C7F0029AED3 /* DataController.swift in Sources */,
				3B80A20721D1C2EF003C0156 /* ViewController.swift in Sources */,
				3B80A20521D1C2EF003C0156 /* AppDelegate.swift in Sources */,
			);
			runOnlyForDeploymentPostprocessing = 0;
		};
/* End PBXSourcesBuildPhase section */

/* Begin PBXVariantGroup section */
		3B80A20A21D1C2F0003C0156 /* Main.storyboard */ = {
			isa = PBXVariantGroup;
			children = (
				3B80A20B21D1C2F0003C0156 /* Base */,
			);
			name = Main.storyboard;
			sourceTree = "<group>";
		};
/* End PBXVariantGroup section */

/* Begin XCBuildConfiguration section */
		3B80A20F21D1C2F0003C0156 /* Debug */ = {
			isa = XCBuildConfiguration;
			buildSettings = {
				ALWAYS_SEARCH_USER_PATHS = NO;
				CLANG_ANALYZER_NONNULL = YES;
				CLANG_ANALYZER_NUMBER_OBJECT_CONVERSION = YES_AGGRESSIVE;
				CLANG_CXX_LANGUAGE_STANDARD = "gnu++14";
				CLANG_CXX_LIBRARY = "libc++";
				CLANG_ENABLE_MODULES = YES;
				CLANG_ENABLE_OBJC_ARC = YES;
				CLANG_ENABLE_OBJC_WEAK = YES;
				CLANG_WARN_BLOCK_CAPTURE_AUTORELEASING = YES;
				CLANG_WARN_BOOL_CONVERSION = YES;
				CLANG_WARN_COMMA = YES;
				CLANG_WARN_CONSTANT_CONVERSION = YES;
				CLANG_WARN_DEPRECATED_OBJC_IMPLEMENTATIONS = YES;
				CLANG_WARN_DIRECT_OBJC_ISA_USAGE = YES_ERROR;
				CLANG_WARN_DOCUMENTATION_COMMENTS = YES;
				CLANG_WARN_EMPTY_BODY = YES;
				CLANG_WARN_ENUM_CONVERSION = YES;
				CLANG_WARN_INFINITE_RECURSION = YES;
				CLANG_WARN_INT_CONVERSION = YES;
				CLANG_WARN_NON_LITERAL_NULL_CONVERSION = YES;
				CLANG_WARN_OBJC_IMPLICIT_RETAIN_SELF = YES;
				CLANG_WARN_OBJC_LITERAL_CONVERSION = YES;
				CLANG_WARN_OBJC_ROOT_CLASS = YES_ERROR;
				CLANG_WARN_RANGE_LOOP_ANALYSIS = YES;
				CLANG_WARN_STRICT_PROTOTYPES = YES;
				CLANG_WARN_SUSPICIOUS_MOVE = YES;
				CLANG_WARN_UNGUARDED_AVAILABILITY = YES_AGGRESSIVE;
				CLANG_WARN_UNREACHABLE_CODE = YES;
				CLANG_WARN__DUPLICATE_METHOD_MATCH = YES;
				CODE_SIGN_IDENTITY = "Mac Developer";
				COPY_PHASE_STRIP = NO;
				DEBUG_INFORMATION_FORMAT = dwarf;
				ENABLE_STRICT_OBJC_MSGSEND = YES;
				ENABLE_TESTABILITY = YES;
				GCC_C_LANGUAGE_STANDARD = gnu11;
				GCC_DYNAMIC_NO_PIC = NO;
				GCC_NO_COMMON_BLOCKS = YES;
				GCC_OPTIMIZATION_LEVEL = 0;
				GCC_PREPROCESSOR_DEFINITIONS = (
					"DEBUG=1",
					"$(inherited)",
				);
				GCC_WARN_64_TO_32_BIT_CONVERSION = YES;
				GCC_WARN_ABOUT_RETURN_TYPE = YES_ERROR;
				GCC_WARN_UNDECLARED_SELECTOR = YES;
				GCC_WARN_UNINITIALIZED_AUTOS = YES_AGGRESSIVE;
				GCC_WARN_UNUSED_FUNCTION = YES;
				GCC_WARN_UNUSED_VARIABLE = YES;
				MACOSX_DEPLOYMENT_TARGET = 10.14;
				MTL_ENABLE_DEBUG_INFO = INCLUDE_SOURCE;
				MTL_FAST_MATH = YES;
				ONLY_ACTIVE_ARCH = YES;
				SDKROOT = macosx;
				SWIFT_ACTIVE_COMPILATION_CONDITIONS = DEBUG;
				SWIFT_OPTIMIZATION_LEVEL = "-Onone";
			};
			name = Debug;
		};
		3B80A21021D1C2F0003C0156 /* Release */ = {
			isa = XCBuildConfiguration;
			buildSettings = {
				ALWAYS_SEARCH_USER_PATHS = NO;
				CLANG_ANALYZER_NONNULL = YES;
				CLANG_ANALYZER_NUMBER_OBJECT_CONVERSION = YES_AGGRESSIVE;
				CLANG_CXX_LANGUAGE_STANDARD = "gnu++14";
				CLANG_CXX_LIBRARY = "libc++";
				CLANG_ENABLE_MODULES = YES;
				CLANG_ENABLE_OBJC_ARC = YES;
				CLANG_ENABLE_OBJC_WEAK = YES;
				CLANG_WARN_BLOCK_CAPTURE_AUTORELEASING = YES;
				CLANG_WARN_BOOL_CONVERSION = YES;
				CLANG_WARN_COMMA = YES;
				CLANG_WARN_CONSTANT_CONVERSION = YES;
				CLANG_WARN_DEPRECATED_OBJC_IMPLEMENTATIONS = YES;
				CLANG_WARN_DIRECT_OBJC_ISA_USAGE = YES_ERROR;
				CLANG_WARN_DOCUMENTATION_COMMENTS = YES;
				CLANG_WARN_EMPTY_BODY = YES;
				CLANG_WARN_ENUM_CONVERSION = YES;
				CLANG_WARN_INFINITE_RECURSION = YES;
				CLANG_WARN_INT_CONVERSION = YES;
				CLANG_WARN_NON_LITERAL_NULL_CONVERSION = YES;
				CLANG_WARN_OBJC_IMPLICIT_RETAIN_SELF = YES;
				CLANG_WARN_OBJC_LITERAL_CONVERSION = YES;
				CLANG_WARN_OBJC_ROOT_CLASS = YES_ERROR;
				CLANG_WARN_RANGE_LOOP_ANALYSIS = YES;
				CLANG_WARN_STRICT_PROTOTYPES = YES;
				CLANG_WARN_SUSPICIOUS_MOVE = YES;
				CLANG_WARN_UNGUARDED_AVAILABILITY = YES_AGGRESSIVE;
				CLANG_WARN_UNREACHABLE_CODE = YES;
				CLANG_WARN__DUPLICATE_METHOD_MATCH = YES;
				CODE_SIGN_IDENTITY = "Mac Developer";
				COPY_PHASE_STRIP = NO;
				DEBUG_INFORMATION_FORMAT = "dwarf-with-dsym";
				ENABLE_NS_ASSERTIONS = NO;
				ENABLE_STRICT_OBJC_MSGSEND = YES;
				GCC_C_LANGUAGE_STANDARD = gnu11;
				GCC_NO_COMMON_BLOCKS = YES;
				GCC_WARN_64_TO_32_BIT_CONVERSION = YES;
				GCC_WARN_ABOUT_RETURN_TYPE = YES_ERROR;
				GCC_WARN_UNDECLARED_SELECTOR = YES;
				GCC_WARN_UNINITIALIZED_AUTOS = YES_AGGRESSIVE;
				GCC_WARN_UNUSED_FUNCTION = YES;
				GCC_WARN_UNUSED_VARIABLE = YES;
				MACOSX_DEPLOYMENT_TARGET = 10.14;
				MTL_ENABLE_DEBUG_INFO = NO;
				MTL_FAST_MATH = YES;
				SDKROOT = macosx;
				SWIFT_COMPILATION_MODE = wholemodule;
				SWIFT_OPTIMIZATION_LEVEL = "-O";
			};
			name = Release;
		};
		3B80A21221D1C2F0003C0156 /* Debug */ = {
			isa = XCBuildConfiguration;
			buildSettings = {
				ASSETCATALOG_COMPILER_APPICON_NAME = AppIcon;
				CODE_SIGN_ENTITLEMENTS = "Quick Paste/Quick Paste.entitlements";
				CODE_SIGN_IDENTITY = "Mac Developer";
				CODE_SIGN_STYLE = Automatic;
				COMBINE_HIDPI_IMAGES = YES;
				DEVELOPMENT_TEAM = W6G7AYP4H7;
				INFOPLIST_FILE = "$(SRCROOT)/Quick Paste/Info.plist";
				LD_RUNPATH_SEARCH_PATHS = (
					"$(inherited)",
					"@executable_path/../Frameworks",
				);
				PRODUCT_BUNDLE_IDENTIFIER = "com.wolfPack.Quick-Paste";
				PRODUCT_NAME = "$(TARGET_NAME)";
				PROVISIONING_PROFILE_SPECIFIER = "";
				SWIFT_VERSION = 4.2;
			};
			name = Debug;
		};
		3B80A21321D1C2F0003C0156 /* Release */ = {
			isa = XCBuildConfiguration;
			buildSettings = {
				ASSETCATALOG_COMPILER_APPICON_NAME = AppIcon;
				CODE_SIGN_ENTITLEMENTS = "Quick Paste/Quick Paste.entitlements";
				CODE_SIGN_IDENTITY = "Mac Developer";
				CODE_SIGN_STYLE = Automatic;
				COMBINE_HIDPI_IMAGES = YES;
				DEVELOPMENT_TEAM = W6G7AYP4H7;
				INFOPLIST_FILE = "$(SRCROOT)/Quick Paste/Info.plist";
				LD_RUNPATH_SEARCH_PATHS = (
					"$(inherited)",
					"@executable_path/../Frameworks",
				);
				PRODUCT_BUNDLE_IDENTIFIER = "com.wolfPack.Quick-Paste";
				PRODUCT_NAME = "$(TARGET_NAME)";
				PROVISIONING_PROFILE_SPECIFIER = "";
				SWIFT_VERSION = 4.2;
			};
			name = Release;
		};
/* End XCBuildConfiguration section */

/* Begin XCConfigurationList section */
		3B80A1FC21D1C2EF003C0156 /* Build configuration list for PBXProject "Quick Paste" */ = {
			isa = XCConfigurationList;
			buildConfigurations = (
				3B80A20F21D1C2F0003C0156 /* Debug */,
				3B80A21021D1C2F0003C0156 /* Release */,
			);
			defaultConfigurationIsVisible = 0;
			defaultConfigurationName = Release;
		};
		3B80A21121D1C2F0003C0156 /* Build configuration list for PBXNativeTarget "Quick Paste" */ = {
			isa = XCConfigurationList;
			buildConfigurations = (
				3B80A21221D1C2F0003C0156 /* Debug */,
				3B80A21321D1C2F0003C0156 /* Release */,
			);
			defaultConfigurationIsVisible = 0;
			defaultConfigurationName = Release;
		};
/* End XCConfigurationList section */

/* Begin XCVersionGroup section */
		3B10BACE23490CF50029AED3 /* Quick Paste.xcdatamodeld */ = {
			isa = XCVersionGroup;
			children = (
				3B10BACF23490CF50029AED3 /* Quick Paste.xcdatamodel */,
			);
			currentVersion = 3B10BACF23490CF50029AED3 /* Quick Paste.xcdatamodel */;
			path = "Quick Paste.xcdatamodeld";
			sourceTree = "<group>";
			versionGroupType = wrapper.xcdatamodel;
		};
/* End XCVersionGroup section */
	};
	rootObject = 3B80A1F921D1C2EF003C0156 /* Project object */;
}
